
Microsoft Visual Studio Solution File, Format Version 12.00
# Visual Studio Version 17
VisualStudioVersion = 17.4.33213.308
MinimumVisualStudioVersion = 10.0.40219.1
Project("{FAE04EC0-301F-11D3-BF4B-00C04F79EFBC}") = "SinglyLinkedList", "SinglyLinkedList.csproj", "{653DD958-FD37-4927-B782-F6C4C454F920}"
EndProject
Project("{FAE04EC0-301F-11D3-BF4B-00C04F79EFBC}") = "SinglyLinkedListTest", "..\SinglyLinkedListTest\SinglyLinkedListTest.csproj", "{B6D5647B-BCED-465B-8C8F-C079AADC729C}"
EndProject
Global
	GlobalSection(SolutionConfigurationPlatforms) = preSolution
		Debug|Any CPU = Debug|Any CPU
		Release|Any CPU = Release|Any CPU
	EndGlobalSection
	GlobalSection(ProjectConfigurationPlatforms) = postSolution
		{653DD958-FD37-4927-B782-F6C4C454F920}.Debug|Any CPU.ActiveCfg = Debug|Any CPU
		{653DD958-FD37-4927-B782-F6C4C454F920}.Debug|Any CPU.Build.0 = Debug|Any CPU
		{653DD958-FD37-4927-B782-F6C4C454F920}.Release|Any CPU.ActiveCfg = Release|Any CPU
		{653DD958-FD37-4927-B782-F6C4C454F920}.Release|Any CPU.Build.0 = Release|Any CPU
		{B6D5647B-BCED-465B-8C8F-C079AADC729C}.Debug|Any CPU.ActiveCfg = Debug|Any CPU
		{B6D5647B-BCED-465B-8C8F-C079AADC729C}.Debug|Any CPU.Build.0 = Debug|Any CPU
		{B6D5647B-BCED-465B-8C8F-C079AADC729C}.Release|Any CPU.ActiveCfg = Release|Any CPU
		{B6D5647B-BCED-465B-8C8F-C079AADC729C}.Release|Any CPU.Build.0 = Release|Any CPU
	EndGlobalSection
	GlobalSection(SolutionProperties) = preSolution
		HideSolutionNode = FALSE
	EndGlobalSection
	GlobalSection(ExtensibilityGlobals) = postSolution
		SolutionGuid = {3F9EF7F3-7611-437B-8D2E-E511266C7EA8}
	EndGlobalSection
EndGlobal
